github.com/alecthomas/assert/v2 v2.2.1 h1:XivOgYcduV98QCahG8T5XTezV5bylXe+lBxLG2K2ink=
github.com/alecthomas/chroma/v2 v2.7.0 h1:hm1rY6c/Ob4eGclpQ7X/A3yhqBOZNUTk9q+yhyLIViI=
github.com/alecthomas/chroma/v2 v2.7.0/go.mod h1:yrkMI9807G1ROx13fhe1v6PN2DDeaR73L3d+1nmYQtw=
github.com/alecthomas/repr v0.2.0 h1:HAzS41CIzNW5syS8Mf9UwXhNH1J9aix/BvDRf1Ml2Yk=
github.com/bmaupin/go-epub v1.0.1 h1:LLbczYCXO/1sGpFd4/QRaDiEhevo4PYQxBQClZPRoco=
github.com/bmaupin/go-epub v1.0.1/go.mod h1:mBan+0WgVv5JbPNw1xfnfQoTRN9iPMKBshZwPOL0SY0=
github.com/dlclark/regexp2 v1.4.0 h1:F1rxgk7p4uKjwIQxBs9oAXe5CqrXlCduYEJvrF4u93E=
github.com/dlclark/regexp2 v1.4.0/go.mod h1:2pZnwuY/m+8K6iRw6wQdMtk+rH5tNGR1i55kozfMjCc=
github.com/gabriel-vasile/mimetype v1.3.1 h1:qevA6c2MtE1RorlScnixeG0VA1H4xrXyhyX3oWBynNQ=
github.com/gabriel-vasile/mimetype v1.3.1/go.mod h1:fA8fi6KUiG7MgQQ+mEWotXoEOvmxRtOJlERCzSmRvr8=
github.com/gofrs/uuid v3.1.0+incompatible h1:q2rtkjaKT4YEr6E1kamy0Ha4RtepWlQBedyHx0uzKwA=
github.com/gofrs/uuid v3.1.0+incompatible/go.mod h1:b2aQJv3Z4Fp6yNu3cdSllBxTCLRxnplIgP/c0N/04lM=
github.com/hexops/gotextdiff v1.0.3 h1:gitA9+qJrrTCsiCl7+kh75nPqQt1cx4ZkudSTLoUqJM=
github.com/vincent-petithory/dataurl v0.0.0-20191104211930-d1553a71de50 h1:uxE3GYdXIOfhMv3unJKETJEhw78gvzuQqRX/rVirc2A=
github.com/vincent-petithory/dataurl v0.0.0-20191104211930-d1553a71de50/go.mod h1:FHafX5vmDzyP+1CQATJn7WFKc9CvnvxyvZy6I1MrG/U=
golang.org/x/net v0.0.0-20210505024714-0287a6fb4125 h1:Ugb8sMTWuWRC3+sz5WeN/4kejDx9BvIwnPUiJBjJE+8=
golang.org/x/net v0.0.0-20210505024714-0287a6fb4125/go.mod h1:9nx3DQGgdP8bBQD5qxJ1jj9UTztislL4KSBs9R2vV5Y=
golang.org/x/sys v0.0.0-20201119102817-f84b799fce68/go.mod h1:h1NjWce9XRLGQEsW7wpKNCjG9DtNlClVuFLEZdDNbEs=
golang.org/x/sys v0.0.0-20210423082822-04245dca01da/go.mod h1:h1NjWce9XRLGQEsW7wpKNCjG9DtNlClVuFLEZdDNbEs=
golang.org/x/term v0.0.0-20201126162022-7de9c90e9dd1/go.mod h1:bj7SfCRtBDWHUb9snDiAeCFNEtKQo2Wmx5Cou7ajbmo=
golang.org/x/text v0.3.6/go.mod h1:5Zoc/QRtKVWzQhOtBMvqHzDpF6irO9z98xDceosuGiQ=
golang.org/x/tools v0.0.0-20180917221912-90fa682c2a6e/go.mod h1:n7NCudcB/nEzxVGmLbDWY5pfWTLqBcC2KZ6jyYvM4mQ=
